
Microsoft Visual Studio Solution File, Format Version 12.00
# Visual Studio Version 16
VisualStudioVersion = 16.0.30503.244
MinimumVisualStudioVersion = 10.0.40219.1
Project("{FAE04EC0-301F-11D3-BF4B-00C04F79EFBC}") = "SchoolProject", "SchoolProject\SchoolProject.csproj", "{58125215-1DB9-4C09-A704-EFC470E88AB6}"
EndProject
Global
	GlobalSection(SolutionConfigurationPlatforms) = preSolution
		Debug|Any CPU = Debug|Any CPU
		Release|Any CPU = Release|Any CPU
	EndGlobalSection
	GlobalSection(ProjectConfigurationPlatforms) = postSolution
		{58125215-1DB9-4C09-A704-EFC470E88AB6}.Debug|Any CPU.ActiveCfg = Debug|Any CPU
		{58125215-1DB9-4C09-A704-EFC470E88AB6}.Debug|Any CPU.Build.0 = Debug|Any CPU
		{58125215-1DB9-4C09-A704-EFC470E88AB6}.Release|Any CPU.ActiveCfg = Release|Any CPU
		{58125215-1DB9-4C09-A704-EFC470E88AB6}.Release|Any CPU.Build.0 = Release|Any CPU
	EndGlobalSection
	GlobalSection(SolutionProperties) = preSolution
		HideSolutionNode = FALSE
	EndGlobalSection
	GlobalSection(ExtensibilityGlobals) = postSolution
		SolutionGuid = {1682754B-CD13-49AD-8E6C-44FD42811987}
	EndGlobalSection
EndGlobal
